
Microsoft Visual Studio Solution File, Format Version 12.00
# Visual Studio Version 17
VisualStudioVersion = 17.4.33403.182
MinimumVisualStudioVersion = 10.0.40219.1
Project("{9A19103F-16F7-4668-BE54-9A1E7A4F7556}") = "SmartHub", "SmartHub\SmartHub.csproj", "{4CFADAC9-830B-48D8-90A8-DC81DB5DD236}"
EndProject
Project("{9A19103F-16F7-4668-BE54-9A1E7A4F7556}") = "RecivedDataContolRemoted", "..\..\SmartHub\RecivedDataContolRemoted\RecivedDataContolRemoted\RecivedDataContolRemoted.csproj", "{6B612FDF-9EDC-42EF-BC1E-853423059D87}"
EndProject
Global
	GlobalSection(SolutionConfigurationPlatforms) = preSolution
		Debug|Any CPU = Debug|Any CPU
		Release|Any CPU = Release|Any CPU
	EndGlobalSection
	GlobalSection(ProjectConfigurationPlatforms) = postSolution
		{4CFADAC9-830B-48D8-90A8-DC81DB5DD236}.Debug|Any CPU.ActiveCfg = Debug|Any CPU
		{4CFADAC9-830B-48D8-90A8-DC81DB5DD236}.Debug|Any CPU.Build.0 = Debug|Any CPU
		{4CFADAC9-830B-48D8-90A8-DC81DB5DD236}.Release|Any CPU.ActiveCfg = Release|Any CPU
		{4CFADAC9-830B-48D8-90A8-DC81DB5DD236}.Release|Any CPU.Build.0 = Release|Any CPU
		{6B612FDF-9EDC-42EF-BC1E-853423059D87}.Debug|Any CPU.ActiveCfg = Debug|Any CPU
		{6B612FDF-9EDC-42EF-BC1E-853423059D87}.Debug|Any CPU.Build.0 = Debug|Any CPU
		{6B612FDF-9EDC-42EF-BC1E-853423059D87}.Release|Any CPU.ActiveCfg = Release|Any CPU
		{6B612FDF-9EDC-42EF-BC1E-853423059D87}.Release|Any CPU.Build.0 = Release|Any CPU
	EndGlobalSection
	GlobalSection(SolutionProperties) = preSolution
		HideSolutionNode = FALSE
	EndGlobalSection
	GlobalSection(ExtensibilityGlobals) = postSolution
		SolutionGuid = {5B632630-96C1-4948-AC23-862B6371EF11}
	EndGlobalSection
EndGlobal
